<?xml version="1.0" encoding="utf-8"?>
<Project ToolsVersion="4.0" xmlns="http://schemas.microsoft.com/developer/msbuild/2003">
  <ItemGroup>
    <Filter Include="Source Files">
      <UniqueIdentifier>{4FC737F1-C7A5-4376-A066-2A32D752A2FF}</UniqueIdentifier>
      <Extensions>cpp;c;cc;cxx;def;odl;idl;hpj;bat;asm;asmx</Extensions>
    </Filter>
    <Filter Include="Header Files">
      <UniqueIdentifier>{93995380-89BD-4b04-88EB-625FBE52EBFB}</UniqueIdentifier>
      <Extensions>h;hpp;hxx;hm;inl;inc;xsd</Extensions>
    </Filter>
    <Filter Include="Scripts">
      <UniqueIdentifier>{7e01fea9-83dc-4df4-a5e8-8703da3fb1b5}</UniqueIdentifier>
      <Extensions>avs</Extensions>
    </Filter>
  </ItemGroup>
  <ItemGroup>
    <ClCompile Include="source/main.cpp">
      <Filter>Source Files</Filter>
    </ClCompile>
    <ClCompile Include="source\sublight.cpp">
      <Filter>Source Files</Filter>
    </ClCompile>
    <ClCompile Include="source\sublightUDP.cpp">
      <Filter>Source Files</Filter>
    </ClCompile>
  </ItemGroup>
  <ItemGroup>
    <None Include="scripts/debug.avs">
      <Filter>Scripts</Filter>
    </None>
    <None Include="scripts/release.avs">
      <Filter>Scripts</Filter>
    </None>
  </ItemGroup>
  <ItemGroup>
    <ClInclude Include="source\sublight.h">
      <Filter>Header Files</Filter>
    </ClInclude>
    <ClInclude Include="source\avisynth.h">
      <Filter>Header Files</Filter>
    </ClInclude>
    <ClInclude Include="source\sublightUDP.h">
      <Filter>Header Files</Filter>
    </ClInclude>
    <ClInclude Include="source\types.h">
      <Filter>Header Files</Filter>
    </ClInclude>
    <ClInclude Include="source\sublight.inl">
      <Filter>Header Files</Filter>
    </ClInclude>
  </ItemGroup>
</Project>